# THIS IS AN AUTOGENERATED FILE. DO NOT EDIT THIS FILE DIRECTLY.
# yarn lockfile v1


vue-router@^2.5.3:
  version "2.5.3"
  resolved "https://registry.yarnpkg.com/vue-router/-/vue-router-2.5.3.tgz#073783f564b6aece6c8a59c63e298dc2aabfb51b"

vue@^2.3.3:
  version "2.3.3"
  resolved "https://registry.yarnpkg.com/vue/-/vue-2.3.3.tgz#d1eaa8fde5240735a4563e74f2c7fead9cbb064c"
